// !$*UTF8*$!
{
	archiveVersion = 1;
	classes = {
	};
	objectVersion = 56;
	objects = {

/* Begin PBXBuildFile section */
		20970D5B2B84D62700690459 /* AppDelegate.swift in Sources */ = {isa = PBXBuildFile; fileRef = 20970D5A2B84D62700690459 /* AppDelegate.swift */; };
		20970D5D2B84D62700690459 /* SceneDelegate.swift in Sources */ = {isa = PBXBuildFile; fileRef = 20970D5C2B84D62700690459 /* SceneDelegate.swift */; };
		20970D642B84D62800690459 /* Assets.xcassets in Resources */ = {isa = PBXBuildFile; fileRef = 20970D632B84D62800690459 /* Assets.xcassets */; };
		20970D672B84D62800690459 /* LaunchScreen.storyboard in Resources */ = {isa = PBXBuildFile; fileRef = 20970D652B84D62800690459 /* LaunchScreen.storyboard */; };
		20970D722B84D62800690459 /* highpitch_iosTests.swift in Sources */ = {isa = PBXBuildFile; fileRef = 20970D712B84D62800690459 /* highpitch_iosTests.swift */; };
		20970D7C2B84D62800690459 /* highpitch_iosUITests.swift in Sources */ = {isa = PBXBuildFile; fileRef = 20970D7B2B84D62800690459 /* highpitch_iosUITests.swift */; };
		20970D7E2B84D62800690459 /* highpitch_iosUITestsLaunchTests.swift in Sources */ = {isa = PBXBuildFile; fileRef = 20970D7D2B84D62800690459 /* highpitch_iosUITestsLaunchTests.swift */; };
		20970DF02B85CC2500690459 /* OnboardingViewController.swift in Sources */ = {isa = PBXBuildFile; fileRef = 20970DEF2B85CC2500690459 /* OnboardingViewController.swift */; };
		20970DFB2B85D19B00690459 /* MainTabBarViewController.swift in Sources */ = {isa = PBXBuildFile; fileRef = 20970DFA2B85D19B00690459 /* MainTabBarViewController.swift */; };
		20970DFE2B85D1F400690459 /* RecordingViewController.swift in Sources */ = {isa = PBXBuildFile; fileRef = 20970DFD2B85D1F400690459 /* RecordingViewController.swift */; };
		20970E002B85D20A00690459 /* SettingsViewController.swift in Sources */ = {isa = PBXBuildFile; fileRef = 20970DFF2B85D20A00690459 /* SettingsViewController.swift */; };
		20970E022B85D21900690459 /* ProjectsViewController.swift in Sources */ = {isa = PBXBuildFile; fileRef = 20970E012B85D21900690459 /* ProjectsViewController.swift */; };
		20970E042B85D24100690459 /* SignInViewController.swift in Sources */ = {isa = PBXBuildFile; fileRef = 20970E032B85D24100690459 /* SignInViewController.swift */; };
		20970E062B85D24800690459 /* SignUpViewController.swift in Sources */ = {isa = PBXBuildFile; fileRef = 20970E052B85D24800690459 /* SignUpViewController.swift */; };
		20970E0E2B871E1100690459 /* ProjectModel.swift in Sources */ = {isa = PBXBuildFile; fileRef = 20970E0D2B871E1100690459 /* ProjectModel.swift */; };
		20970E102B871E2100690459 /* PracticeModel.swift in Sources */ = {isa = PBXBuildFile; fileRef = 20970E0F2B871E2100690459 /* PracticeModel.swift */; };
		20970E122B871E3400690459 /* UserModel.swift in Sources */ = {isa = PBXBuildFile; fileRef = 20970E112B871E3400690459 /* UserModel.swift */; };
		20970E142B871FFF00690459 /* .swiftlint.yml in Resources */ = {isa = PBXBuildFile; fileRef = 20970E132B871FFF00690459 /* .swiftlint.yml */; };
		20970E172B8724EB00690459 /* LabelFactory.swift in Sources */ = {isa = PBXBuildFile; fileRef = 20970E162B8724EB00690459 /* LabelFactory.swift */; };
		20970E1A2B8727FD00690459 /* FlexLayout in Frameworks */ = {isa = PBXBuildFile; productRef = 20970E192B8727FD00690459 /* FlexLayout */; };
		20970E1D2B87282300690459 /* PinLayout in Frameworks */ = {isa = PBXBuildFile; productRef = 20970E1C2B87282300690459 /* PinLayout */; };
		20970E1F2B8729CB00690459 /* Preview+Extension.swift in Sources */ = {isa = PBXBuildFile; fileRef = 20970E1E2B8729CB00690459 /* Preview+Extension.swift */; };
		20970E222B8730BD00690459 /* ProjectsView.swift in Sources */ = {isa = PBXBuildFile; fileRef = 20970E212B8730BD00690459 /* ProjectsView.swift */; };
/* End PBXBuildFile section */

/* Begin PBXContainerItemProxy section */
		20970D6E2B84D62800690459 /* PBXContainerItemProxy */ = {
			isa = PBXContainerItemProxy;
			containerPortal = 20970D4F2B84D62700690459 /* Project object */;
			proxyType = 1;
			remoteGlobalIDString = 20970D562B84D62700690459;
			remoteInfo = "highpitch-ios";
		};
		20970D782B84D62800690459 /* PBXContainerItemProxy */ = {
			isa = PBXContainerItemProxy;
			containerPortal = 20970D4F2B84D62700690459 /* Project object */;
			proxyType = 1;
			remoteGlobalIDString = 20970D562B84D62700690459;
			remoteInfo = "highpitch-ios";
		};
/* End PBXContainerItemProxy section */

/* Begin PBXFileReference section */
		20970D572B84D62700690459 /* highpitch-ios.app */ = {isa = PBXFileReference; explicitFileType = wrapper.application; includeInIndex = 0; path = "highpitch-ios.app"; sourceTree = BUILT_PRODUCTS_DIR; };
		20970D5A2B84D62700690459 /* AppDelegate.swift */ = {isa = PBXFileReference; lastKnownFileType = sourcecode.swift; path = AppDelegate.swift; sourceTree = "<group>"; };
		20970D5C2B84D62700690459 /* SceneDelegate.swift */ = {isa = PBXFileReference; lastKnownFileType = sourcecode.swift; path = SceneDelegate.swift; sourceTree = "<group>"; };
		20970D632B84D62800690459 /* Assets.xcassets */ = {isa = PBXFileReference; lastKnownFileType = folder.assetcatalog; path = Assets.xcassets; sourceTree = "<group>"; };
		20970D662B84D62800690459 /* Base */ = {isa = PBXFileReference; lastKnownFileType = file.storyboard; name = Base; path = Base.lproj/LaunchScreen.storyboard; sourceTree = "<group>"; };
		20970D682B84D62800690459 /* Info.plist */ = {isa = PBXFileReference; lastKnownFileType = text.plist.xml; path = Info.plist; sourceTree = "<group>"; };
		20970D6D2B84D62800690459 /* highpitch-iosTests.xctest */ = {isa = PBXFileReference; explicitFileType = wrapper.cfbundle; includeInIndex = 0; path = "highpitch-iosTests.xctest"; sourceTree = BUILT_PRODUCTS_DIR; };
		20970D712B84D62800690459 /* highpitch_iosTests.swift */ = {isa = PBXFileReference; lastKnownFileType = sourcecode.swift; path = highpitch_iosTests.swift; sourceTree = "<group>"; };
		20970D772B84D62800690459 /* highpitch-iosUITests.xctest */ = {isa = PBXFileReference; explicitFileType = wrapper.cfbundle; includeInIndex = 0; path = "highpitch-iosUITests.xctest"; sourceTree = BUILT_PRODUCTS_DIR; };
		20970D7B2B84D62800690459 /* highpitch_iosUITests.swift */ = {isa = PBXFileReference; lastKnownFileType = sourcecode.swift; path = highpitch_iosUITests.swift; sourceTree = "<group>"; };
		20970D7D2B84D62800690459 /* highpitch_iosUITestsLaunchTests.swift */ = {isa = PBXFileReference; lastKnownFileType = sourcecode.swift; path = highpitch_iosUITestsLaunchTests.swift; sourceTree = "<group>"; };
		20970DEF2B85CC2500690459 /* OnboardingViewController.swift */ = {isa = PBXFileReference; lastKnownFileType = sourcecode.swift; path = OnboardingViewController.swift; sourceTree = "<group>"; };
		20970DFA2B85D19B00690459 /* MainTabBarViewController.swift */ = {isa = PBXFileReference; lastKnownFileType = sourcecode.swift; path = MainTabBarViewController.swift; sourceTree = "<group>"; };
		20970DFD2B85D1F400690459 /* RecordingViewController.swift */ = {isa = PBXFileReference; lastKnownFileType = sourcecode.swift; path = RecordingViewController.swift; sourceTree = "<group>"; };
		20970DFF2B85D20A00690459 /* SettingsViewController.swift */ = {isa = PBXFileReference; lastKnownFileType = sourcecode.swift; path = SettingsViewController.swift; sourceTree = "<group>"; };
		20970E012B85D21900690459 /* ProjectsViewController.swift */ = {isa = PBXFileReference; lastKnownFileType = sourcecode.swift; path = ProjectsViewController.swift; sourceTree = "<group>"; };
		20970E032B85D24100690459 /* SignInViewController.swift */ = {isa = PBXFileReference; lastKnownFileType = sourcecode.swift; path = SignInViewController.swift; sourceTree = "<group>"; };
		20970E052B85D24800690459 /* SignUpViewController.swift */ = {isa = PBXFileReference; lastKnownFileType = sourcecode.swift; path = SignUpViewController.swift; sourceTree = "<group>"; };
		20970E0D2B871E1100690459 /* ProjectModel.swift */ = {isa = PBXFileReference; lastKnownFileType = sourcecode.swift; path = ProjectModel.swift; sourceTree = "<group>"; };
		20970E0F2B871E2100690459 /* PracticeModel.swift */ = {isa = PBXFileReference; lastKnownFileType = sourcecode.swift; path = PracticeModel.swift; sourceTree = "<group>"; };
		20970E112B871E3400690459 /* UserModel.swift */ = {isa = PBXFileReference; lastKnownFileType = sourcecode.swift; path = UserModel.swift; sourceTree = "<group>"; };
		20970E132B871FFF00690459 /* .swiftlint.yml */ = {isa = PBXFileReference; lastKnownFileType = text.yaml; path = .swiftlint.yml; sourceTree = "<group>"; };
		20970E162B8724EB00690459 /* LabelFactory.swift */ = {isa = PBXFileReference; lastKnownFileType = sourcecode.swift; path = LabelFactory.swift; sourceTree = "<group>"; };
		20970E1E2B8729CB00690459 /* Preview+Extension.swift */ = {isa = PBXFileReference; lastKnownFileType = sourcecode.swift; path = "Preview+Extension.swift"; sourceTree = "<group>"; };
		20970E212B8730BD00690459 /* ProjectsView.swift */ = {isa = PBXFileReference; lastKnownFileType = sourcecode.swift; path = ProjectsView.swift; sourceTree = "<group>"; };
/* End PBXFileReference section */

/* Begin PBXFrameworksBuildPhase section */
		20970D542B84D62700690459 /* Frameworks */ = {
			isa = PBXFrameworksBuildPhase;
			buildActionMask = 2147483647;
			files = (
				20970E1D2B87282300690459 /* PinLayout in Frameworks */,
				20970E1A2B8727FD00690459 /* FlexLayout in Frameworks */,
			);
			runOnlyForDeploymentPostprocessing = 0;
		};
		20970D6A2B84D62800690459 /* Frameworks */ = {
			isa = PBXFrameworksBuildPhase;
			buildActionMask = 2147483647;
			files = (
			);
			runOnlyForDeploymentPostprocessing = 0;
		};
		20970D742B84D62800690459 /* Frameworks */ = {
			isa = PBXFrameworksBuildPhase;
			buildActionMask = 2147483647;
			files = (
			);
			runOnlyForDeploymentPostprocessing = 0;
		};
/* End PBXFrameworksBuildPhase section */

/* Begin PBXGroup section */
		20970D4E2B84D62700690459 = {
			isa = PBXGroup;
			children = (
				20970E132B871FFF00690459 /* .swiftlint.yml */,
				20970D592B84D62700690459 /* highpitch-ios */,
				20970D702B84D62800690459 /* highpitch-iosTests */,
				20970D7A2B84D62800690459 /* highpitch-iosUITests */,
				20970D582B84D62700690459 /* Products */,
			);
			sourceTree = "<group>";
		};
		20970D582B84D62700690459 /* Products */ = {
			isa = PBXGroup;
			children = (
				20970D572B84D62700690459 /* highpitch-ios.app */,
				20970D6D2B84D62800690459 /* highpitch-iosTests.xctest */,
				20970D772B84D62800690459 /* highpitch-iosUITests.xctest */,
			);
			name = Products;
			sourceTree = "<group>";
		};
		20970D592B84D62700690459 /* highpitch-ios */ = {
			isa = PBXGroup;
			children = (
				20970DEA2B85CB1500690459 /* App */,
				20970E092B85E27300690459 /* Extension */,
				20970E0C2B871DE800690459 /* Models */,
				20970DEC2B85CB9600690459 /* Views */,
			);
			path = "highpitch-ios";
			sourceTree = "<group>";
		};
		20970D702B84D62800690459 /* highpitch-iosTests */ = {
			isa = PBXGroup;
			children = (
				20970D712B84D62800690459 /* highpitch_iosTests.swift */,
			);
			path = "highpitch-iosTests";
			sourceTree = "<group>";
		};
		20970D7A2B84D62800690459 /* highpitch-iosUITests */ = {
			isa = PBXGroup;
			children = (
				20970D7B2B84D62800690459 /* highpitch_iosUITests.swift */,
				20970D7D2B84D62800690459 /* highpitch_iosUITestsLaunchTests.swift */,
			);
			path = "highpitch-iosUITests";
			sourceTree = "<group>";
		};
		20970DEA2B85CB1500690459 /* App */ = {
			isa = PBXGroup;
			children = (
				20970D682B84D62800690459 /* Info.plist */,
				20970D5A2B84D62700690459 /* AppDelegate.swift */,
				20970D5C2B84D62700690459 /* SceneDelegate.swift */,
				20970DEB2B85CB2800690459 /* Asset */,
			);
			path = App;
			sourceTree = "<group>";
		};
		20970DEB2B85CB2800690459 /* Asset */ = {
			isa = PBXGroup;
			children = (
				20970D632B84D62800690459 /* Assets.xcassets */,
				20970D652B84D62800690459 /* LaunchScreen.storyboard */,
			);
			path = Asset;
			sourceTree = "<group>";
		};
		20970DEC2B85CB9600690459 /* Views */ = {
			isa = PBXGroup;
			children = (
				20970DED2B85CB9E00690459 /* Pages */,
				20970DEE2B85CBDF00690459 /* Components */,
			);
			path = Views;
			sourceTree = "<group>";
		};
		20970DED2B85CB9E00690459 /* Pages */ = {
			isa = PBXGroup;
			children = (
				20970E082B85D26000690459 /* Sign */,
				20970E072B85D25100690459 /* Onboarding */,
				20970DFC2B85D1C500690459 /* Main */,
			);
			path = Pages;
			sourceTree = "<group>";
		};
		20970DEE2B85CBDF00690459 /* Components */ = {
			isa = PBXGroup;
			children = (
				20970E162B8724EB00690459 /* LabelFactory.swift */,
			);
			path = Components;
			sourceTree = "<group>";
		};
		20970DFC2B85D1C500690459 /* Main */ = {
			isa = PBXGroup;
			children = (
				20970E202B8730AF00690459 /* Projects */,
				20970DFA2B85D19B00690459 /* MainTabBarViewController.swift */,
				20970DFD2B85D1F400690459 /* RecordingViewController.swift */,
				20970DFF2B85D20A00690459 /* SettingsViewController.swift */,
			);
			path = Main;
			sourceTree = "<group>";
		};
		20970E072B85D25100690459 /* Onboarding */ = {
			isa = PBXGroup;
			children = (
				20970DEF2B85CC2500690459 /* OnboardingViewController.swift */,
			);
			path = Onboarding;
			sourceTree = "<group>";
		};
		20970E082B85D26000690459 /* Sign */ = {
			isa = PBXGroup;
			children = (
				20970E032B85D24100690459 /* SignInViewController.swift */,
				20970E052B85D24800690459 /* SignUpViewController.swift */,
			);
			path = Sign;
			sourceTree = "<group>";
		};
		20970E092B85E27300690459 /* Extension */ = {
			isa = PBXGroup;
			children = (
				20970E1E2B8729CB00690459 /* Preview+Extension.swift */,
			);
			path = Extension;
			sourceTree = "<group>";
		};
		20970E0C2B871DE800690459 /* Models */ = {
			isa = PBXGroup;
			children = (
				20970E0D2B871E1100690459 /* ProjectModel.swift */,
				20970E0F2B871E2100690459 /* PracticeModel.swift */,
				20970E112B871E3400690459 /* UserModel.swift */,
			);
			path = Models;
			sourceTree = "<group>";
		};
		20970E202B8730AF00690459 /* Projects */ = {
			isa = PBXGroup;
			children = (
				20970E012B85D21900690459 /* ProjectsViewController.swift */,
				20970E212B8730BD00690459 /* ProjectsView.swift */,
			);
			path = Projects;
			sourceTree = "<group>";
		};
/* End PBXGroup section */

/* Begin PBXNativeTarget section */
		20970D562B84D62700690459 /* highpitch-ios */ = {
			isa = PBXNativeTarget;
			buildConfigurationList = 20970D812B84D62800690459 /* Build configuration list for PBXNativeTarget "highpitch-ios" */;
			buildPhases = (
				20970E152B87201300690459 /* Swift Lint */,
				20970D532B84D62700690459 /* Sources */,
				20970D542B84D62700690459 /* Frameworks */,
				20970D552B84D62700690459 /* Resources */,
			);
			buildRules = (
			);
			dependencies = (
			);
			name = "highpitch-ios";
			packageProductDependencies = (
				20970E192B8727FD00690459 /* FlexLayout */,
				20970E1C2B87282300690459 /* PinLayout */,
			);
			productName = "highpitch-ios";
			productReference = 20970D572B84D62700690459 /* highpitch-ios.app */;
			productType = "com.apple.product-type.application";
		};
		20970D6C2B84D62800690459 /* highpitch-iosTests */ = {
			isa = PBXNativeTarget;
			buildConfigurationList = 20970D842B84D62800690459 /* Build configuration list for PBXNativeTarget "highpitch-iosTests" */;
			buildPhases = (
				20970D692B84D62800690459 /* Sources */,
				20970D6A2B84D62800690459 /* Frameworks */,
				20970D6B2B84D62800690459 /* Resources */,
			);
			buildRules = (
			);
			dependencies = (
				20970D6F2B84D62800690459 /* PBXTargetDependency */,
			);
			name = "highpitch-iosTests";
			productName = "highpitch-iosTests";
			productReference = 20970D6D2B84D62800690459 /* highpitch-iosTests.xctest */;
			productType = "com.apple.product-type.bundle.unit-test";
		};
		20970D762B84D62800690459 /* highpitch-iosUITests */ = {
			isa = PBXNativeTarget;
			buildConfigurationList = 20970D872B84D62800690459 /* Build configuration list for PBXNativeTarget "highpitch-iosUITests" */;
			buildPhases = (
				20970D732B84D62800690459 /* Sources */,
				20970D742B84D62800690459 /* Frameworks */,
				20970D752B84D62800690459 /* Resources */,
			);
			buildRules = (
			);
			dependencies = (
				20970D792B84D62800690459 /* PBXTargetDependency */,
			);
			name = "highpitch-iosUITests";
			productName = "highpitch-iosUITests";
			productReference = 20970D772B84D62800690459 /* highpitch-iosUITests.xctest */;
			productType = "com.apple.product-type.bundle.ui-testing";
		};
/* End PBXNativeTarget section */

/* Begin PBXProject section */
		20970D4F2B84D62700690459 /* Project object */ = {
			isa = PBXProject;
			attributes = {
				BuildIndependentTargetsInParallel = 1;
				LastSwiftUpdateCheck = 1510;
				LastUpgradeCheck = 1510;
				TargetAttributes = {
					20970D562B84D62700690459 = {
						CreatedOnToolsVersion = 15.1;
					};
					20970D6C2B84D62800690459 = {
						CreatedOnToolsVersion = 15.1;
						TestTargetID = 20970D562B84D62700690459;
					};
					20970D762B84D62800690459 = {
						CreatedOnToolsVersion = 15.1;
						TestTargetID = 20970D562B84D62700690459;
					};
				};
			};
			buildConfigurationList = 20970D522B84D62700690459 /* Build configuration list for PBXProject "highpitch-ios" */;
			compatibilityVersion = "Xcode 14.0";
			developmentRegion = en;
			hasScannedForEncodings = 0;
			knownRegions = (
				en,
				Base,
			);
			mainGroup = 20970D4E2B84D62700690459;
			packageReferences = (
				20970E182B8727FD00690459 /* XCRemoteSwiftPackageReference "FlexLayout" */,
				20970E1B2B87282300690459 /* XCRemoteSwiftPackageReference "PinLayout" */,
			);
			productRefGroup = 20970D582B84D62700690459 /* Products */;
			projectDirPath = "";
			projectRoot = "";
			targets = (
				20970D562B84D62700690459 /* highpitch-ios */,
				20970D6C2B84D62800690459 /* highpitch-iosTests */,
				20970D762B84D62800690459 /* highpitch-iosUITests */,
			);
		};
/* End PBXProject section */

/* Begin PBXResourcesBuildPhase section */
		20970D552B84D62700690459 /* Resources */ = {
			isa = PBXResourcesBuildPhase;
			buildActionMask = 2147483647;
			files = (
				20970E142B871FFF00690459 /* .swiftlint.yml in Resources */,
				20970D672B84D62800690459 /* LaunchScreen.storyboard in Resources */,
				20970D642B84D62800690459 /* Assets.xcassets in Resources */,
			);
			runOnlyForDeploymentPostprocessing = 0;
		};
		20970D6B2B84D62800690459 /* Resources */ = {
			isa = PBXResourcesBuildPhase;
			buildActionMask = 2147483647;
			files = (
			);
			runOnlyForDeploymentPostprocessing = 0;
		};
		20970D752B84D62800690459 /* Resources */ = {
			isa = PBXResourcesBuildPhase;
			buildActionMask = 2147483647;
			files = (
			);
			runOnlyForDeploymentPostprocessing = 0;
		};
/* End PBXResourcesBuildPhase section */

/* Begin PBXShellScriptBuildPhase section */
		20970E152B87201300690459 /* Swift Lint */ = {
			isa = PBXShellScriptBuildPhase;
			alwaysOutOfDate = 1;
			buildActionMask = 2147483647;
			files = (
			);
			inputFileListPaths = (
			);
			inputPaths = (
			);
			name = "Swift Lint";
			outputFileListPaths = (
			);
			outputPaths = (
			);
			runOnlyForDeploymentPostprocessing = 0;
			shellPath = /bin/sh;
			shellScript = "if [[ \"$(uname -m)\" == arm64 ]]; then\n    export PATH=\"/opt/homebrew/bin:$PATH\"\nfi\n\nif which swiftlint > /dev/null; then\n  swiftlint\nelse\n  echo \"warning: SwiftLint not installed, download from https://github.com/realm/SwiftLint\"\nfi\n";
		};
/* End PBXShellScriptBuildPhase section */

/* Begin PBXSourcesBuildPhase section */
		20970D532B84D62700690459 /* Sources */ = {
			isa = PBXSourcesBuildPhase;
			buildActionMask = 2147483647;
			files = (
				20970E222B8730BD00690459 /* ProjectsView.swift in Sources */,
				20970DFB2B85D19B00690459 /* MainTabBarViewController.swift in Sources */,
				20970D5B2B84D62700690459 /* AppDelegate.swift in Sources */,
				20970E1F2B8729CB00690459 /* Preview+Extension.swift in Sources */,
				20970E022B85D21900690459 /* ProjectsViewController.swift in Sources */,
				20970E062B85D24800690459 /* SignUpViewController.swift in Sources */,
				20970E122B871E3400690459 /* UserModel.swift in Sources */,
				20970DFE2B85D1F400690459 /* RecordingViewController.swift in Sources */,
				20970E042B85D24100690459 /* SignInViewController.swift in Sources */,
				20970D5D2B84D62700690459 /* SceneDelegate.swift in Sources */,
				20970DF02B85CC2500690459 /* OnboardingViewController.swift in Sources */,
				20970E002B85D20A00690459 /* SettingsViewController.swift in Sources */,
				20970E102B871E2100690459 /* PracticeModel.swift in Sources */,
				20970E172B8724EB00690459 /* LabelFactory.swift in Sources */,
				20970E0E2B871E1100690459 /* ProjectModel.swift in Sources */,
			);
			runOnlyForDeploymentPostprocessing = 0;
		};
		20970D692B84D62800690459 /* Sources */ = {
			isa = PBXSourcesBuildPhase;
			buildActionMask = 2147483647;
			files = (
				20970D722B84D62800690459 /* highpitch_iosTests.swift in Sources */,
			);
			runOnlyForDeploymentPostprocessing = 0;
		};
		20970D732B84D62800690459 /* Sources */ = {
			isa = PBXSourcesBuildPhase;
			buildActionMask = 2147483647;
			files = (
				20970D7C2B84D62800690459 /* highpitch_iosUITests.swift in Sources */,
				20970D7E2B84D62800690459 /* highpitch_iosUITestsLaunchTests.swift in Sources */,
			);
			runOnlyForDeploymentPostprocessing = 0;
		};
/* End PBXSourcesBuildPhase section */

/* Begin PBXTargetDependency section */
		20970D6F2B84D62800690459 /* PBXTargetDependency */ = {
			isa = PBXTargetDependency;
			target = 20970D562B84D62700690459 /* highpitch-ios */;
			targetProxy = 20970D6E2B84D62800690459 /* PBXContainerItemProxy */;
		};
		20970D792B84D62800690459 /* PBXTargetDependency */ = {
			isa = PBXTargetDependency;
			target = 20970D562B84D62700690459 /* highpitch-ios */;
			targetProxy = 20970D782B84D62800690459 /* PBXContainerItemProxy */;
		};
/* End PBXTargetDependency section */

/* Begin PBXVariantGroup section */
		20970D652B84D62800690459 /* LaunchScreen.storyboard */ = {
			isa = PBXVariantGroup;
			children = (
				20970D662B84D62800690459 /* Base */,
			);
			name = LaunchScreen.storyboard;
			sourceTree = "<group>";
		};
/* End PBXVariantGroup section */

/* Begin XCBuildConfiguration section */
		20970D7F2B84D62800690459 /* Debug */ = {
			isa = XCBuildConfiguration;
			buildSettings = {
				ALWAYS_SEARCH_USER_PATHS = NO;
				ASSETCATALOG_COMPILER_GENERATE_SWIFT_ASSET_SYMBOL_EXTENSIONS = YES;
				CLANG_ANALYZER_NONNULL = YES;
				CLANG_ANALYZER_NUMBER_OBJECT_CONVERSION = YES_AGGRESSIVE;
				CLANG_CXX_LANGUAGE_STANDARD = "gnu++20";
				CLANG_ENABLE_MODULES = YES;
				CLANG_ENABLE_OBJC_ARC = YES;
				CLANG_ENABLE_OBJC_WEAK = YES;
				CLANG_WARN_BLOCK_CAPTURE_AUTORELEASING = YES;
				CLANG_WARN_BOOL_CONVERSION = YES;
				CLANG_WARN_COMMA = YES;
				CLANG_WARN_CONSTANT_CONVERSION = YES;
				CLANG_WARN_DEPRECATED_OBJC_IMPLEMENTATIONS = YES;
				CLANG_WARN_DIRECT_OBJC_ISA_USAGE = YES_ERROR;
				CLANG_WARN_DOCUMENTATION_COMMENTS = YES;
				CLANG_WARN_EMPTY_BODY = YES;
				CLANG_WARN_ENUM_CONVERSION = YES;
				CLANG_WARN_INFINITE_RECURSION = YES;
				CLANG_WARN_INT_CONVERSION = YES;
				CLANG_WARN_NON_LITERAL_NULL_CONVERSION = YES;
				CLANG_WARN_OBJC_IMPLICIT_RETAIN_SELF = YES;
				CLANG_WARN_OBJC_LITERAL_CONVERSION = YES;
				CLANG_WARN_OBJC_ROOT_CLASS = YES_ERROR;
				CLANG_WARN_QUOTED_INCLUDE_IN_FRAMEWORK_HEADER = YES;
				CLANG_WARN_RANGE_LOOP_ANALYSIS = YES;
				CLANG_WARN_STRICT_PROTOTYPES = YES;
				CLANG_WARN_SUSPICIOUS_MOVE = YES;
				CLANG_WARN_UNGUARDED_AVAILABILITY = YES_AGGRESSIVE;
				CLANG_WARN_UNREACHABLE_CODE = YES;
				CLANG_WARN__DUPLICATE_METHOD_MATCH = YES;
				COPY_PHASE_STRIP = NO;
				DEBUG_INFORMATION_FORMAT = dwarf;
				ENABLE_STRICT_OBJC_MSGSEND = YES;
				ENABLE_TESTABILITY = YES;
				ENABLE_USER_SCRIPT_SANDBOXING = NO;
				GCC_C_LANGUAGE_STANDARD = gnu17;
				GCC_DYNAMIC_NO_PIC = NO;
				GCC_NO_COMMON_BLOCKS = YES;
				GCC_OPTIMIZATION_LEVEL = 0;
				GCC_PREPROCESSOR_DEFINITIONS = (
					"DEBUG=1",
					"$(inherited)",
				);
				GCC_WARN_64_TO_32_BIT_CONVERSION = YES;
				GCC_WARN_ABOUT_RETURN_TYPE = YES_ERROR;
				GCC_WARN_UNDECLARED_SELECTOR = YES;
				GCC_WARN_UNINITIALIZED_AUTOS = YES_AGGRESSIVE;
				GCC_WARN_UNUSED_FUNCTION = YES;
				GCC_WARN_UNUSED_VARIABLE = YES;
				IPHONEOS_DEPLOYMENT_TARGET = 16.0;
				LOCALIZATION_PREFERS_STRING_CATALOGS = YES;
				MTL_ENABLE_DEBUG_INFO = INCLUDE_SOURCE;
				MTL_FAST_MATH = YES;
				ONLY_ACTIVE_ARCH = YES;
				SDKROOT = iphoneos;
				SWIFT_ACTIVE_COMPILATION_CONDITIONS = "DEBUG $(inherited)";
				SWIFT_OPTIMIZATION_LEVEL = "-Onone";
			};
			name = Debug;
		};
		20970D802B84D62800690459 /* Release */ = {
			isa = XCBuildConfiguration;
			buildSettings = {
				ALWAYS_SEARCH_USER_PATHS = NO;
				ASSETCATALOG_COMPILER_GENERATE_SWIFT_ASSET_SYMBOL_EXTENSIONS = YES;
				CLANG_ANALYZER_NONNULL = YES;
				CLANG_ANALYZER_NUMBER_OBJECT_CONVERSION = YES_AGGRESSIVE;
				CLANG_CXX_LANGUAGE_STANDARD = "gnu++20";
				CLANG_ENABLE_MODULES = YES;
				CLANG_ENABLE_OBJC_ARC = YES;
				CLANG_ENABLE_OBJC_WEAK = YES;
				CLANG_WARN_BLOCK_CAPTURE_AUTORELEASING = YES;
				CLANG_WARN_BOOL_CONVERSION = YES;
				CLANG_WARN_COMMA = YES;
				CLANG_WARN_CONSTANT_CONVERSION = YES;
				CLANG_WARN_DEPRECATED_OBJC_IMPLEMENTATIONS = YES;
				CLANG_WARN_DIRECT_OBJC_ISA_USAGE = YES_ERROR;
				CLANG_WARN_DOCUMENTATION_COMMENTS = YES;
				CLANG_WARN_EMPTY_BODY = YES;
				CLANG_WARN_ENUM_CONVERSION = YES;
				CLANG_WARN_INFINITE_RECURSION = YES;
				CLANG_WARN_INT_CONVERSION = YES;
				CLANG_WARN_NON_LITERAL_NULL_CONVERSION = YES;
				CLANG_WARN_OBJC_IMPLICIT_RETAIN_SELF = YES;
				CLANG_WARN_OBJC_LITERAL_CONVERSION = YES;
				CLANG_WARN_OBJC_ROOT_CLASS = YES_ERROR;
				CLANG_WARN_QUOTED_INCLUDE_IN_FRAMEWORK_HEADER = YES;
				CLANG_WARN_RANGE_LOOP_ANALYSIS = YES;
				CLANG_WARN_STRICT_PROTOTYPES = YES;
				CLANG_WARN_SUSPICIOUS_MOVE = YES;
				CLANG_WARN_UNGUARDED_AVAILABILITY = YES_AGGRESSIVE;
				CLANG_WARN_UNREACHABLE_CODE = YES;
				CLANG_WARN__DUPLICATE_METHOD_MATCH = YES;
				COPY_PHASE_STRIP = NO;
				DEBUG_INFORMATION_FORMAT = "dwarf-with-dsym";
				ENABLE_NS_ASSERTIONS = NO;
				ENABLE_STRICT_OBJC_MSGSEND = YES;
				ENABLE_USER_SCRIPT_SANDBOXING = NO;
				GCC_C_LANGUAGE_STANDARD = gnu17;
				GCC_NO_COMMON_BLOCKS = YES;
				GCC_WARN_64_TO_32_BIT_CONVERSION = YES;
				GCC_WARN_ABOUT_RETURN_TYPE = YES_ERROR;
				GCC_WARN_UNDECLARED_SELECTOR = YES;
				GCC_WARN_UNINITIALIZED_AUTOS = YES_AGGRESSIVE;
				GCC_WARN_UNUSED_FUNCTION = YES;
				GCC_WARN_UNUSED_VARIABLE = YES;
				IPHONEOS_DEPLOYMENT_TARGET = 16.0;
				LOCALIZATION_PREFERS_STRING_CATALOGS = YES;
				MTL_ENABLE_DEBUG_INFO = NO;
				MTL_FAST_MATH = YES;
				SDKROOT = iphoneos;
				SWIFT_COMPILATION_MODE = wholemodule;
				VALIDATE_PRODUCT = YES;
			};
			name = Release;
		};
		20970D822B84D62800690459 /* Debug */ = {
			isa = XCBuildConfiguration;
			buildSettings = {
				ASSETCATALOG_COMPILER_APPICON_NAME = AppIcon;
				ASSETCATALOG_COMPILER_GLOBAL_ACCENT_COLOR_NAME = AccentColor;
				CODE_SIGN_STYLE = Automatic;
				CURRENT_PROJECT_VERSION = 1;
				DEVELOPMENT_TEAM = V7Y39HNV38;
				GENERATE_INFOPLIST_FILE = YES;
				INFOPLIST_FILE = "highpitch-ios/App/Info.plist";
				INFOPLIST_KEY_CFBundleDisplayName = "하이피치";
				INFOPLIST_KEY_LSApplicationCategoryType = "public.app-category.productivity";
				INFOPLIST_KEY_UIApplicationSupportsIndirectInputEvents = YES;
				INFOPLIST_KEY_UILaunchStoryboardName = LaunchScreen;
				INFOPLIST_KEY_UISupportedInterfaceOrientations_iPad = "UIInterfaceOrientationPortrait UIInterfaceOrientationPortraitUpsideDown UIInterfaceOrientationLandscapeLeft UIInterfaceOrientationLandscapeRight";
				INFOPLIST_KEY_UISupportedInterfaceOrientations_iPhone = "UIInterfaceOrientationPortrait UIInterfaceOrientationLandscapeLeft UIInterfaceOrientationLandscapeRight";
				IPHONEOS_DEPLOYMENT_TARGET = 16.0;
				LD_RUNPATH_SEARCH_PATHS = (
					"$(inherited)",
					"@executable_path/Frameworks",
				);
				MARKETING_VERSION = 1.0;
				PRODUCT_BUNDLE_IDENTIFIER = "yuncoffee.highpitch-ios";
				PRODUCT_NAME = "$(TARGET_NAME)";
				SWIFT_EMIT_LOC_STRINGS = YES;
				SWIFT_VERSION = 5.0;
				TARGETED_DEVICE_FAMILY = "1,2";
			};
			name = Debug;
		};
		20970D832B84D62800690459 /* Release */ = {
			isa = XCBuildConfiguration;
			buildSettings = {
				ASSETCATALOG_COMPILER_APPICON_NAME = AppIcon;
				ASSETCATALOG_COMPILER_GLOBAL_ACCENT_COLOR_NAME = AccentColor;
				CODE_SIGN_STYLE = Automatic;
				CURRENT_PROJECT_VERSION = 1;
				DEVELOPMENT_TEAM = V7Y39HNV38;
				GENERATE_INFOPLIST_FILE = YES;
				INFOPLIST_FILE = "highpitch-ios/App/Info.plist";
				INFOPLIST_KEY_CFBundleDisplayName = "하이피치";
				INFOPLIST_KEY_LSApplicationCategoryType = "public.app-category.productivity";
				INFOPLIST_KEY_UIApplicationSupportsIndirectInputEvents = YES;
				INFOPLIST_KEY_UILaunchStoryboardName = LaunchScreen;
				INFOPLIST_KEY_UISupportedInterfaceOrientations_iPad = "UIInterfaceOrientationPortrait UIInterfaceOrientationPortraitUpsideDown UIInterfaceOrientationLandscapeLeft UIInterfaceOrientationLandscapeRight";
				INFOPLIST_KEY_UISupportedInterfaceOrientations_iPhone = "UIInterfaceOrientationPortrait UIInterfaceOrientationLandscapeLeft UIInterfaceOrientationLandscapeRight";
				IPHONEOS_DEPLOYMENT_TARGET = 16.0;
				LD_RUNPATH_SEARCH_PATHS = (
					"$(inherited)",
					"@executable_path/Frameworks",
				);
				MARKETING_VERSION = 1.0;
				PRODUCT_BUNDLE_IDENTIFIER = "yuncoffee.highpitch-ios";
				PRODUCT_NAME = "$(TARGET_NAME)";
				SWIFT_EMIT_LOC_STRINGS = YES;
				SWIFT_VERSION = 5.0;
				TARGETED_DEVICE_FAMILY = "1,2";
			};
			name = Release;
		};
		20970D852B84D62800690459 /* Debug */ = {
			isa = XCBuildConfiguration;
			buildSettings = {
				ALWAYS_EMBED_SWIFT_STANDARD_LIBRARIES = YES;
				BUNDLE_LOADER = "$(TEST_HOST)";
				CODE_SIGN_STYLE = Automatic;
				CURRENT_PROJECT_VERSION = 1;
				DEVELOPMENT_TEAM = V7Y39HNV38;
				GENERATE_INFOPLIST_FILE = YES;
				IPHONEOS_DEPLOYMENT_TARGET = 17.2;
				MARKETING_VERSION = 1.0;
				PRODUCT_BUNDLE_IDENTIFIER = "yuncoffee.highpitch-iosTests";
				PRODUCT_NAME = "$(TARGET_NAME)";
				SWIFT_EMIT_LOC_STRINGS = NO;
				SWIFT_VERSION = 5.0;
				TARGETED_DEVICE_FAMILY = "1,2";
				TEST_HOST = "$(BUILT_PRODUCTS_DIR)/highpitch-ios.app/$(BUNDLE_EXECUTABLE_FOLDER_PATH)/highpitch-ios";
			};
			name = Debug;
		};
		20970D862B84D62800690459 /* Release */ = {
			isa = XCBuildConfiguration;
			buildSettings = {
				ALWAYS_EMBED_SWIFT_STANDARD_LIBRARIES = YES;
				BUNDLE_LOADER = "$(TEST_HOST)";
				CODE_SIGN_STYLE = Automatic;
				CURRENT_PROJECT_VERSION = 1;
				DEVELOPMENT_TEAM = V7Y39HNV38;
				GENERATE_INFOPLIST_FILE = YES;
				IPHONEOS_DEPLOYMENT_TARGET = 17.2;
				MARKETING_VERSION = 1.0;
				PRODUCT_BUNDLE_IDENTIFIER = "yuncoffee.highpitch-iosTests";
				PRODUCT_NAME = "$(TARGET_NAME)";
				SWIFT_EMIT_LOC_STRINGS = NO;
				SWIFT_VERSION = 5.0;
				TARGETED_DEVICE_FAMILY = "1,2";
				TEST_HOST = "$(BUILT_PRODUCTS_DIR)/highpitch-ios.app/$(BUNDLE_EXECUTABLE_FOLDER_PATH)/highpitch-ios";
			};
			name = Release;
		};
		20970D882B84D62800690459 /* Debug */ = {
			isa = XCBuildConfiguration;
			buildSettings = {
				ALWAYS_EMBED_SWIFT_STANDARD_LIBRARIES = YES;
				CODE_SIGN_STYLE = Automatic;
				CURRENT_PROJECT_VERSION = 1;
				DEVELOPMENT_TEAM = V7Y39HNV38;
				GENERATE_INFOPLIST_FILE = YES;
				MARKETING_VERSION = 1.0;
				PRODUCT_BUNDLE_IDENTIFIER = "yuncoffee.highpitch-iosUITests";
				PRODUCT_NAME = "$(TARGET_NAME)";
				SWIFT_EMIT_LOC_STRINGS = NO;
				SWIFT_VERSION = 5.0;
				TARGETED_DEVICE_FAMILY = "1,2";
				TEST_TARGET_NAME = "highpitch-ios";
			};
			name = Debug;
		};
		20970D892B84D62800690459 /* Release */ = {
			isa = XCBuildConfiguration;
			buildSettings = {
				ALWAYS_EMBED_SWIFT_STANDARD_LIBRARIES = YES;
				CODE_SIGN_STYLE = Automatic;
				CURRENT_PROJECT_VERSION = 1;
				DEVELOPMENT_TEAM = V7Y39HNV38;
				GENERATE_INFOPLIST_FILE = YES;
				MARKETING_VERSION = 1.0;
				PRODUCT_BUNDLE_IDENTIFIER = "yuncoffee.highpitch-iosUITests";
				PRODUCT_NAME = "$(TARGET_NAME)";
				SWIFT_EMIT_LOC_STRINGS = NO;
				SWIFT_VERSION = 5.0;
				TARGETED_DEVICE_FAMILY = "1,2";
				TEST_TARGET_NAME = "highpitch-ios";
			};
			name = Release;
		};
/* End XCBuildConfiguration section */

/* Begin XCConfigurationList section */
		20970D522B84D62700690459 /* Build configuration list for PBXProject "highpitch-ios" */ = {
			isa = XCConfigurationList;
			buildConfigurations = (
				20970D7F2B84D62800690459 /* Debug */,
				20970D802B84D62800690459 /* Release */,
			);
			defaultConfigurationIsVisible = 0;
			defaultConfigurationName = Release;
		};
		20970D812B84D62800690459 /* Build configuration list for PBXNativeTarget "highpitch-ios" */ = {
			isa = XCConfigurationList;
			buildConfigurations = (
				20970D822B84D62800690459 /* Debug */,
				20970D832B84D62800690459 /* Release */,
			);
			defaultConfigurationIsVisible = 0;
			defaultConfigurationName = Release;
		};
		20970D842B84D62800690459 /* Build configuration list for PBXNativeTarget "highpitch-iosTests" */ = {
			isa = XCConfigurationList;
			buildConfigurations = (
				20970D852B84D62800690459 /* Debug */,
				20970D862B84D62800690459 /* Release */,
			);
			defaultConfigurationIsVisible = 0;
			defaultConfigurationName = Release;
		};
		20970D872B84D62800690459 /* Build configuration list for PBXNativeTarget "highpitch-iosUITests" */ = {
			isa = XCConfigurationList;
			buildConfigurations = (
				20970D882B84D62800690459 /* Debug */,
				20970D892B84D62800690459 /* Release */,
			);
			defaultConfigurationIsVisible = 0;
			defaultConfigurationName = Release;
		};
/* End XCConfigurationList section */

/* Begin XCRemoteSwiftPackageReference section */
		20970E182B8727FD00690459 /* XCRemoteSwiftPackageReference "FlexLayout" */ = {
			isa = XCRemoteSwiftPackageReference;
			repositoryURL = "https://github.com/layoutBox/FlexLayout.git";
			requirement = {
				kind = upToNextMajorVersion;
				minimumVersion = 2.0.6;
			};
		};
		20970E1B2B87282300690459 /* XCRemoteSwiftPackageReference "PinLayout" */ = {
			isa = XCRemoteSwiftPackageReference;
			repositoryURL = "https://github.com/layoutBox/PinLayout";
			requirement = {
				kind = upToNextMajorVersion;
				minimumVersion = 1.10.5;
			};
		};
/* End XCRemoteSwiftPackageReference section */

/* Begin XCSwiftPackageProductDependency section */
		20970E192B8727FD00690459 /* FlexLayout */ = {
			isa = XCSwiftPackageProductDependency;
			package = 20970E182B8727FD00690459 /* XCRemoteSwiftPackageReference "FlexLayout" */;
			productName = FlexLayout;
		};
		20970E1C2B87282300690459 /* PinLayout */ = {
			isa = XCSwiftPackageProductDependency;
			package = 20970E1B2B87282300690459 /* XCRemoteSwiftPackageReference "PinLayout" */;
			productName = PinLayout;
		};
/* End XCSwiftPackageProductDependency section */
	};
	rootObject = 20970D4F2B84D62700690459 /* Project object */;
}
